
Microsoft Visual Studio Solution File, Format Version 12.00
# Visual Studio Version 18
VisualStudioVersion = 18.8.12023.21 stable
MinimumVisualStudioVersion = 10.0.40219.1
Project("{FAE04EC0-301F-11D3-BF4B-00C04F79EFBC}") = "MusicTracker", "MusicTracker\MusicTracker.csproj", "{9B3F5D8F-6385-4132-8EEE-641BA8E68498}"
EndProject
Project("{FAE04EC0-301F-11D3-BF4B-00C04F79EFBC}") = "MeltySynth", "MeltySynth\MeltySynth.csproj", "{6F3A1C2B-9D4E-4F8A-B1C7-2E5D9A0F3B41}"
EndProject
Project("{FAE04EC0-301F-11D3-BF4B-00C04F79EFBC}") = "AutoTest", "AutoTest\AutoTest.csproj", "{2FD9C40C-9163-43AD-A363-08E2CE664B24}"
EndProject
Project("{FAE04EC0-301F-11D3-BF4B-00C04F79EFBC}") = "KotonStudioUpdater", "KotonStudioUpdater\KotonStudioUpdater.csproj", "{B7E3D5A2-9F8C-4D1E-8A5B-3F2E4D6C7A81}"
EndProject
Project("{FAE04EC0-301F-11D3-BF4B-00C04F79EFBC}") = "KotonStudioLibrary", "KotonStudioLibrary\KotonStudioLibrary.csproj", "{D2E8F5A7-1B4C-4D3E-9F6A-8C7B2E5D9A0F}"
EndProject
Project("{FAE04EC0-301F-11D3-BF4B-00C04F79EFBC}") = "KotonPluginFmSynth", "KotonPluginFmSynth\KotonPluginFmSynth.csproj", "{A3F7C912-4D8B-4E5A-9C6F-1D2E3B4A5F60}"
EndProject
Project("{FAE04EC0-301F-11D3-BF4B-00C04F79EFBC}") = "KotonPluginArpeggiator", "KotonPluginArpeggiator\KotonPluginArpeggiator.csproj", "{B4A9E123-5C7D-4E2F-9B1A-2F8D3E6C7B01}"
EndProject
Project("{FAE04EC0-301F-11D3-BF4B-00C04F79EFBC}") = "KotonPluginWaveMorph", "KotonPluginWaveMorph\KotonPluginWaveMorph.csproj", "{C5B0D234-6E8F-4A3B-8D2C-3F9E4A6D5C82}"
EndProject
Project("{FAE04EC0-301F-11D3-BF4B-00C04F79EFBC}") = "KotonPluginKarplusStrong", "KotonPluginKarplusStrong\KotonPluginKarplusStrong.csproj", "{D8C1F5A9-3E7B-4A2C-8D6F-9E1B2C4A7F82}"
EndProject
Project("{FAE04EC0-301F-11D3-BF4B-00C04F79EFBC}") = "KotonPluginFractal", "KotonPluginFractal\KotonPluginFractal.csproj", "{E7A3B9C4-1F5D-4E8B-9C6A-2F8B3E4A5C93}"
EndProject
Project("{FAE04EC0-301F-11D3-BF4B-00C04F79EFBC}") = "KotonPluginBowedStrings", "KotonPluginBowedStrings\KotonPluginBowedStrings.csproj", "{F4B2E7A6-8C3D-4F1B-9E2A-5D7C8B4F3A15}"
EndProject
Project("{FAE04EC0-301F-11D3-BF4B-00C04F79EFBC}") = "KotonPluginStringMachine", "KotonPluginStringMachine\KotonPluginStringMachine.csproj", "{A6F8D3B9-2E5C-4B7A-8D1F-3C9E6B4A2F87}"
EndProject
Project("{2150E333-8FDC-42A3-9474-1A3956D46DE8}") = "Plugins", "Plugins", "{5E93B4FE-A830-4316-92FC-21597036472B}"
EndProject
Project("{2150E333-8FDC-42A3-9474-1A3956D46DE8}") = "Instruments", "Instruments", "{25AC2E8B-D380-40E1-854E-4F78BCDFCCE2}"
EndProject
Project("{2150E333-8FDC-42A3-9474-1A3956D46DE8}") = "Generators", "Generators", "{4A5E99B3-DFAD-436F-9D72-0AB3CC831537}"
EndProject
Global
	GlobalSection(SolutionConfigurationPlatforms) = preSolution
		Debug|Any CPU = Debug|Any CPU
		Debug|x64 = Debug|x64
		Debug|x86 = Debug|x86
		Release|Any CPU = Release|Any CPU
		Release|x64 = Release|x64
		Release|x86 = Release|x86
	EndGlobalSection
	GlobalSection(ProjectConfigurationPlatforms) = postSolution
		{9B3F5D8F-6385-4132-8EEE-641BA8E68498}.Debug|Any CPU.ActiveCfg = Debug|x64
		{9B3F5D8F-6385-4132-8EEE-641BA8E68498}.Debug|Any CPU.Build.0 = Debug|x64
		{9B3F5D8F-6385-4132-8EEE-641BA8E68498}.Debug|x64.ActiveCfg = Debug|x64
		{9B3F5D8F-6385-4132-8EEE-641BA8E68498}.Debug|x64.Build.0 = Debug|x64
		{9B3F5D8F-6385-4132-8EEE-641BA8E68498}.Debug|x86.ActiveCfg = Debug|x64
		{9B3F5D8F-6385-4132-8EEE-641BA8E68498}.Debug|x86.Build.0 = Debug|x64
		{9B3F5D8F-6385-4132-8EEE-641BA8E68498}.Release|Any CPU.ActiveCfg = Release|x64
		{9B3F5D8F-6385-4132-8EEE-641BA8E68498}.Release|Any CPU.Build.0 = Release|x64
		{9B3F5D8F-6385-4132-8EEE-641BA8E68498}.Release|x64.ActiveCfg = Release|x64
		{9B3F5D8F-6385-4132-8EEE-641BA8E68498}.Release|x64.Build.0 = Release|x64
		{9B3F5D8F-6385-4132-8EEE-641BA8E68498}.Release|x86.ActiveCfg = Release|x64
		{9B3F5D8F-6385-4132-8EEE-641BA8E68498}.Release|x86.Build.0 = Release|x64
		{6F3A1C2B-9D4E-4F8A-B1C7-2E5D9A0F3B41}.Debug|Any CPU.ActiveCfg = Debug|Any CPU
		{6F3A1C2B-9D4E-4F8A-B1C7-2E5D9A0F3B41}.Debug|Any CPU.Build.0 = Debug|Any CPU
		{6F3A1C2B-9D4E-4F8A-B1C7-2E5D9A0F3B41}.Debug|x64.ActiveCfg = Debug|Any CPU
		{6F3A1C2B-9D4E-4F8A-B1C7-2E5D9A0F3B41}.Debug|x64.Build.0 = Debug|Any CPU
		{6F3A1C2B-9D4E-4F8A-B1C7-2E5D9A0F3B41}.Debug|x86.ActiveCfg = Debug|Any CPU
		{6F3A1C2B-9D4E-4F8A-B1C7-2E5D9A0F3B41}.Debug|x86.Build.0 = Debug|Any CPU
		{6F3A1C2B-9D4E-4F8A-B1C7-2E5D9A0F3B41}.Release|Any CPU.ActiveCfg = Release|Any CPU
		{6F3A1C2B-9D4E-4F8A-B1C7-2E5D9A0F3B41}.Release|Any CPU.Build.0 = Release|Any CPU
		{6F3A1C2B-9D4E-4F8A-B1C7-2E5D9A0F3B41}.Release|x64.ActiveCfg = Release|Any CPU
		{6F3A1C2B-9D4E-4F8A-B1C7-2E5D9A0F3B41}.Release|x64.Build.0 = Release|Any CPU
		{6F3A1C2B-9D4E-4F8A-B1C7-2E5D9A0F3B41}.Release|x86.ActiveCfg = Release|Any CPU
		{6F3A1C2B-9D4E-4F8A-B1C7-2E5D9A0F3B41}.Release|x86.Build.0 = Release|Any CPU
		{2FD9C40C-9163-43AD-A363-08E2CE664B24}.Debug|Any CPU.ActiveCfg = Debug|Any CPU
		{2FD9C40C-9163-43AD-A363-08E2CE664B24}.Debug|Any CPU.Build.0 = Debug|Any CPU
		{2FD9C40C-9163-43AD-A363-08E2CE664B24}.Debug|x64.ActiveCfg = Debug|Any CPU
		{2FD9C40C-9163-43AD-A363-08E2CE664B24}.Debug|x64.Build.0 = Debug|Any CPU
		{2FD9C40C-9163-43AD-A363-08E2CE664B24}.Debug|x86.ActiveCfg = Debug|Any CPU
		{2FD9C40C-9163-43AD-A363-08E2CE664B24}.Debug|x86.Build.0 = Debug|Any CPU
		{2FD9C40C-9163-43AD-A363-08E2CE664B24}.Release|Any CPU.ActiveCfg = Release|Any CPU
		{2FD9C40C-9163-43AD-A363-08E2CE664B24}.Release|Any CPU.Build.0 = Release|Any CPU
		{2FD9C40C-9163-43AD-A363-08E2CE664B24}.Release|x64.ActiveCfg = Release|Any CPU
		{2FD9C40C-9163-43AD-A363-08E2CE664B24}.Release|x64.Build.0 = Release|Any CPU
		{2FD9C40C-9163-43AD-A363-08E2CE664B24}.Release|x86.ActiveCfg = Release|Any CPU
		{2FD9C40C-9163-43AD-A363-08E2CE664B24}.Release|x86.Build.0 = Release|Any CPU
		{B7E3D5A2-9F8C-4D1E-8A5B-3F2E4D6C7A81}.Debug|Any CPU.ActiveCfg = Debug|Any CPU
		{B7E3D5A2-9F8C-4D1E-8A5B-3F2E4D6C7A81}.Debug|Any CPU.Build.0 = Debug|Any CPU
		{B7E3D5A2-9F8C-4D1E-8A5B-3F2E4D6C7A81}.Debug|x64.ActiveCfg = Debug|Any CPU
		{B7E3D5A2-9F8C-4D1E-8A5B-3F2E4D6C7A81}.Debug|x64.Build.0 = Debug|Any CPU
		{B7E3D5A2-9F8C-4D1E-8A5B-3F2E4D6C7A81}.Debug|x86.ActiveCfg = Debug|Any CPU
		{B7E3D5A2-9F8C-4D1E-8A5B-3F2E4D6C7A81}.Debug|x86.Build.0 = Debug|Any CPU
		{B7E3D5A2-9F8C-4D1E-8A5B-3F2E4D6C7A81}.Release|Any CPU.ActiveCfg = Release|Any CPU
		{B7E3D5A2-9F8C-4D1E-8A5B-3F2E4D6C7A81}.Release|Any CPU.Build.0 = Release|Any CPU
		{B7E3D5A2-9F8C-4D1E-8A5B-3F2E4D6C7A81}.Release|x64.ActiveCfg = Release|Any CPU
		{B7E3D5A2-9F8C-4D1E-8A5B-3F2E4D6C7A81}.Release|x64.Build.0 = Release|Any CPU
		{B7E3D5A2-9F8C-4D1E-8A5B-3F2E4D6C7A81}.Release|x86.ActiveCfg = Release|Any CPU
		{B7E3D5A2-9F8C-4D1E-8A5B-3F2E4D6C7A81}.Release|x86.Build.0 = Release|Any CPU
		{D2E8F5A7-1B4C-4D3E-9F6A-8C7B2E5D9A0F}.Debug|Any CPU.ActiveCfg = Debug|x64
		{D2E8F5A7-1B4C-4D3E-9F6A-8C7B2E5D9A0F}.Debug|Any CPU.Build.0 = Debug|x64
		{D2E8F5A7-1B4C-4D3E-9F6A-8C7B2E5D9A0F}.Debug|x64.ActiveCfg = Debug|x64
		{D2E8F5A7-1B4C-4D3E-9F6A-8C7B2E5D9A0F}.Debug|x64.Build.0 = Debug|x64
		{D2E8F5A7-1B4C-4D3E-9F6A-8C7B2E5D9A0F}.Debug|x86.ActiveCfg = Debug|x64
		{D2E8F5A7-1B4C-4D3E-9F6A-8C7B2E5D9A0F}.Debug|x86.Build.0 = Debug|x64
		{D2E8F5A7-1B4C-4D3E-9F6A-8C7B2E5D9A0F}.Release|Any CPU.ActiveCfg = Release|x64
		{D2E8F5A7-1B4C-4D3E-9F6A-8C7B2E5D9A0F}.Release|Any CPU.Build.0 = Release|x64
		{D2E8F5A7-1B4C-4D3E-9F6A-8C7B2E5D9A0F}.Release|x64.ActiveCfg = Release|x64
		{D2E8F5A7-1B4C-4D3E-9F6A-8C7B2E5D9A0F}.Release|x64.Build.0 = Release|x64
		{D2E8F5A7-1B4C-4D3E-9F6A-8C7B2E5D9A0F}.Release|x86.ActiveCfg = Release|x64
		{D2E8F5A7-1B4C-4D3E-9F6A-8C7B2E5D9A0F}.Release|x86.Build.0 = Release|x64
		{A3F7C912-4D8B-4E5A-9C6F-1D2E3B4A5F60}.Debug|Any CPU.ActiveCfg = Debug|x64
		{A3F7C912-4D8B-4E5A-9C6F-1D2E3B4A5F60}.Debug|Any CPU.Build.0 = Debug|x64
		{A3F7C912-4D8B-4E5A-9C6F-1D2E3B4A5F60}.Debug|x64.ActiveCfg = Debug|x64
		{A3F7C912-4D8B-4E5A-9C6F-1D2E3B4A5F60}.Debug|x64.Build.0 = Debug|x64
		{A3F7C912-4D8B-4E5A-9C6F-1D2E3B4A5F60}.Debug|x86.ActiveCfg = Debug|x64
		{A3F7C912-4D8B-4E5A-9C6F-1D2E3B4A5F60}.Debug|x86.Build.0 = Debug|x64
		{A3F7C912-4D8B-4E5A-9C6F-1D2E3B4A5F60}.Release|Any CPU.ActiveCfg = Release|x64
		{A3F7C912-4D8B-4E5A-9C6F-1D2E3B4A5F60}.Release|Any CPU.Build.0 = Release|x64
		{A3F7C912-4D8B-4E5A-9C6F-1D2E3B4A5F60}.Release|x64.ActiveCfg = Release|x64
		{A3F7C912-4D8B-4E5A-9C6F-1D2E3B4A5F60}.Release|x64.Build.0 = Release|x64
		{A3F7C912-4D8B-4E5A-9C6F-1D2E3B4A5F60}.Release|x86.ActiveCfg = Release|x64
		{A3F7C912-4D8B-4E5A-9C6F-1D2E3B4A5F60}.Release|x86.Build.0 = Release|x64
		{B4A9E123-5C7D-4E2F-9B1A-2F8D3E6C7B01}.Debug|Any CPU.ActiveCfg = Debug|x64
		{B4A9E123-5C7D-4E2F-9B1A-2F8D3E6C7B01}.Debug|Any CPU.Build.0 = Debug|x64
		{B4A9E123-5C7D-4E2F-9B1A-2F8D3E6C7B01}.Debug|x64.ActiveCfg = Debug|x64
		{B4A9E123-5C7D-4E2F-9B1A-2F8D3E6C7B01}.Debug|x64.Build.0 = Debug|x64
		{B4A9E123-5C7D-4E2F-9B1A-2F8D3E6C7B01}.Debug|x86.ActiveCfg = Debug|x64
		{B4A9E123-5C7D-4E2F-9B1A-2F8D3E6C7B01}.Debug|x86.Build.0 = Debug|x64
		{B4A9E123-5C7D-4E2F-9B1A-2F8D3E6C7B01}.Release|Any CPU.ActiveCfg = Release|x64
		{B4A9E123-5C7D-4E2F-9B1A-2F8D3E6C7B01}.Release|Any CPU.Build.0 = Release|x64
		{B4A9E123-5C7D-4E2F-9B1A-2F8D3E6C7B01}.Release|x64.ActiveCfg = Release|x64
		{B4A9E123-5C7D-4E2F-9B1A-2F8D3E6C7B01}.Release|x64.Build.0 = Release|x64
		{B4A9E123-5C7D-4E2F-9B1A-2F8D3E6C7B01}.Release|x86.ActiveCfg = Release|x64
		{B4A9E123-5C7D-4E2F-9B1A-2F8D3E6C7B01}.Release|x86.Build.0 = Release|x64
		{C5B0D234-6E8F-4A3B-8D2C-3F9E4A6D5C82}.Debug|Any CPU.ActiveCfg = Debug|x64
		{C5B0D234-6E8F-4A3B-8D2C-3F9E4A6D5C82}.Debug|Any CPU.Build.0 = Debug|x64
		{C5B0D234-6E8F-4A3B-8D2C-3F9E4A6D5C82}.Debug|x64.ActiveCfg = Debug|x64
		{C5B0D234-6E8F-4A3B-8D2C-3F9E4A6D5C82}.Debug|x64.Build.0 = Debug|x64
		{C5B0D234-6E8F-4A3B-8D2C-3F9E4A6D5C82}.Debug|x86.ActiveCfg = Debug|x64
		{C5B0D234-6E8F-4A3B-8D2C-3F9E4A6D5C82}.Debug|x86.Build.0 = Debug|x64
		{C5B0D234-6E8F-4A3B-8D2C-3F9E4A6D5C82}.Release|Any CPU.ActiveCfg = Release|x64
		{C5B0D234-6E8F-4A3B-8D2C-3F9E4A6D5C82}.Release|Any CPU.Build.0 = Release|x64
		{C5B0D234-6E8F-4A3B-8D2C-3F9E4A6D5C82}.Release|x64.ActiveCfg = Release|x64
		{C5B0D234-6E8F-4A3B-8D2C-3F9E4A6D5C82}.Release|x64.Build.0 = Release|x64
		{C5B0D234-6E8F-4A3B-8D2C-3F9E4A6D5C82}.Release|x86.ActiveCfg = Release|x64
		{C5B0D234-6E8F-4A3B-8D2C-3F9E4A6D5C82}.Release|x86.Build.0 = Release|x64
		{D8C1F5A9-3E7B-4A2C-8D6F-9E1B2C4A7F82}.Debug|Any CPU.ActiveCfg = Debug|x64
		{D8C1F5A9-3E7B-4A2C-8D6F-9E1B2C4A7F82}.Debug|Any CPU.Build.0 = Debug|x64
		{D8C1F5A9-3E7B-4A2C-8D6F-9E1B2C4A7F82}.Debug|x64.ActiveCfg = Debug|x64
		{D8C1F5A9-3E7B-4A2C-8D6F-9E1B2C4A7F82}.Debug|x64.Build.0 = Debug|x64
		{D8C1F5A9-3E7B-4A2C-8D6F-9E1B2C4A7F82}.Debug|x86.ActiveCfg = Debug|x64
		{D8C1F5A9-3E7B-4A2C-8D6F-9E1B2C4A7F82}.Debug|x86.Build.0 = Debug|x64
		{D8C1F5A9-3E7B-4A2C-8D6F-9E1B2C4A7F82}.Release|Any CPU.ActiveCfg = Release|x64
		{D8C1F5A9-3E7B-4A2C-8D6F-9E1B2C4A7F82}.Release|Any CPU.Build.0 = Release|x64
		{D8C1F5A9-3E7B-4A2C-8D6F-9E1B2C4A7F82}.Release|x64.ActiveCfg = Release|x64
		{D8C1F5A9-3E7B-4A2C-8D6F-9E1B2C4A7F82}.Release|x64.Build.0 = Release|x64
		{D8C1F5A9-3E7B-4A2C-8D6F-9E1B2C4A7F82}.Release|x86.ActiveCfg = Release|x64
		{D8C1F5A9-3E7B-4A2C-8D6F-9E1B2C4A7F82}.Release|x86.Build.0 = Release|x64
		{E7A3B9C4-1F5D-4E8B-9C6A-2F8B3E4A5C93}.Debug|Any CPU.ActiveCfg = Debug|x64
		{E7A3B9C4-1F5D-4E8B-9C6A-2F8B3E4A5C93}.Debug|Any CPU.Build.0 = Debug|x64
		{E7A3B9C4-1F5D-4E8B-9C6A-2F8B3E4A5C93}.Debug|x64.ActiveCfg = Debug|x64
		{E7A3B9C4-1F5D-4E8B-9C6A-2F8B3E4A5C93}.Debug|x64.Build.0 = Debug|x64
		{E7A3B9C4-1F5D-4E8B-9C6A-2F8B3E4A5C93}.Debug|x86.ActiveCfg = Debug|x64
		{E7A3B9C4-1F5D-4E8B-9C6A-2F8B3E4A5C93}.Debug|x86.Build.0 = Debug|x64
		{E7A3B9C4-1F5D-4E8B-9C6A-2F8B3E4A5C93}.Release|Any CPU.ActiveCfg = Release|x64
		{E7A3B9C4-1F5D-4E8B-9C6A-2F8B3E4A5C93}.Release|Any CPU.Build.0 = Release|x64
		{E7A3B9C4-1F5D-4E8B-9C6A-2F8B3E4A5C93}.Release|x64.ActiveCfg = Release|x64
		{E7A3B9C4-1F5D-4E8B-9C6A-2F8B3E4A5C93}.Release|x64.Build.0 = Release|x64
		{E7A3B9C4-1F5D-4E8B-9C6A-2F8B3E4A5C93}.Release|x86.ActiveCfg = Release|x64
		{E7A3B9C4-1F5D-4E8B-9C6A-2F8B3E4A5C93}.Release|x86.Build.0 = Release|x64
		{F4B2E7A6-8C3D-4F1B-9E2A-5D7C8B4F3A15}.Debug|Any CPU.ActiveCfg = Debug|x64
		{F4B2E7A6-8C3D-4F1B-9E2A-5D7C8B4F3A15}.Debug|Any CPU.Build.0 = Debug|x64
		{F4B2E7A6-8C3D-4F1B-9E2A-5D7C8B4F3A15}.Debug|x64.ActiveCfg = Debug|x64
		{F4B2E7A6-8C3D-4F1B-9E2A-5D7C8B4F3A15}.Debug|x64.Build.0 = Debug|x64
		{F4B2E7A6-8C3D-4F1B-9E2A-5D7C8B4F3A15}.Debug|x86.ActiveCfg = Debug|x64
		{F4B2E7A6-8C3D-4F1B-9E2A-5D7C8B4F3A15}.Debug|x86.Build.0 = Debug|x64
		{F4B2E7A6-8C3D-4F1B-9E2A-5D7C8B4F3A15}.Release|Any CPU.ActiveCfg = Release|x64
		{F4B2E7A6-8C3D-4F1B-9E2A-5D7C8B4F3A15}.Release|Any CPU.Build.0 = Release|x64
		{F4B2E7A6-8C3D-4F1B-9E2A-5D7C8B4F3A15}.Release|x64.ActiveCfg = Release|x64
		{F4B2E7A6-8C3D-4F1B-9E2A-5D7C8B4F3A15}.Release|x64.Build.0 = Release|x64
		{F4B2E7A6-8C3D-4F1B-9E2A-5D7C8B4F3A15}.Release|x86.ActiveCfg = Release|x64
		{F4B2E7A6-8C3D-4F1B-9E2A-5D7C8B4F3A15}.Release|x86.Build.0 = Release|x64
		{A6F8D3B9-2E5C-4B7A-8D1F-3C9E6B4A2F87}.Debug|Any CPU.ActiveCfg = Debug|x64
		{A6F8D3B9-2E5C-4B7A-8D1F-3C9E6B4A2F87}.Debug|Any CPU.Build.0 = Debug|x64
		{A6F8D3B9-2E5C-4B7A-8D1F-3C9E6B4A2F87}.Debug|x64.ActiveCfg = Debug|x64
		{A6F8D3B9-2E5C-4B7A-8D1F-3C9E6B4A2F87}.Debug|x64.Build.0 = Debug|x64
		{A6F8D3B9-2E5C-4B7A-8D1F-3C9E6B4A2F87}.Debug|x86.ActiveCfg = Debug|x64
		{A6F8D3B9-2E5C-4B7A-8D1F-3C9E6B4A2F87}.Debug|x86.Build.0 = Debug|x64
		{A6F8D3B9-2E5C-4B7A-8D1F-3C9E6B4A2F87}.Release|Any CPU.ActiveCfg = Release|x64
		{A6F8D3B9-2E5C-4B7A-8D1F-3C9E6B4A2F87}.Release|Any CPU.Build.0 = Release|x64
		{A6F8D3B9-2E5C-4B7A-8D1F-3C9E6B4A2F87}.Release|x64.ActiveCfg = Release|x64
		{A6F8D3B9-2E5C-4B7A-8D1F-3C9E6B4A2F87}.Release|x64.Build.0 = Release|x64
		{A6F8D3B9-2E5C-4B7A-8D1F-3C9E6B4A2F87}.Release|x86.ActiveCfg = Release|x64
		{A6F8D3B9-2E5C-4B7A-8D1F-3C9E6B4A2F87}.Release|x86.Build.0 = Release|x64
	EndGlobalSection
	GlobalSection(SolutionProperties) = preSolution
		HideSolutionNode = FALSE
	EndGlobalSection
	GlobalSection(NestedProjects) = preSolution
		{A3F7C912-4D8B-4E5A-9C6F-1D2E3B4A5F60} = {25AC2E8B-D380-40E1-854E-4F78BCDFCCE2}
		{B4A9E123-5C7D-4E2F-9B1A-2F8D3E6C7B01} = {4A5E99B3-DFAD-436F-9D72-0AB3CC831537}
		{C5B0D234-6E8F-4A3B-8D2C-3F9E4A6D5C82} = {25AC2E8B-D380-40E1-854E-4F78BCDFCCE2}
		{D8C1F5A9-3E7B-4A2C-8D6F-9E1B2C4A7F82} = {25AC2E8B-D380-40E1-854E-4F78BCDFCCE2}
		{E7A3B9C4-1F5D-4E8B-9C6A-2F8B3E4A5C93} = {4A5E99B3-DFAD-436F-9D72-0AB3CC831537}
		{F4B2E7A6-8C3D-4F1B-9E2A-5D7C8B4F3A15} = {25AC2E8B-D380-40E1-854E-4F78BCDFCCE2}
		{A6F8D3B9-2E5C-4B7A-8D1F-3C9E6B4A2F87} = {25AC2E8B-D380-40E1-854E-4F78BCDFCCE2}
		{25AC2E8B-D380-40E1-854E-4F78BCDFCCE2} = {5E93B4FE-A830-4316-92FC-21597036472B}
		{4A5E99B3-DFAD-436F-9D72-0AB3CC831537} = {5E93B4FE-A830-4316-92FC-21597036472B}
	EndGlobalSection
	GlobalSection(ExtensibilityGlobals) = postSolution
		SolutionGuid = {84080D45-5D75-4E00-BF05-2B47F6060EBF}
	EndGlobalSection
EndGlobal
